
Microsoft Visual Studio Solution File, Format Version 12.00
# Visual Studio Version 16
VisualStudioVersion = 16.0.32228.343
MinimumVisualStudioVersion = 10.0.40219.1
Project("{FAE04EC0-301F-11D3-BF4B-00C04F79EFBC}") = "AppSistemaVentas", "AppSistemaVentas.csproj", "{246D9C8F-E51E-4B50-938A-1E62EC8C2A6D}"
EndProject
Project("{FAE04EC0-301F-11D3-BF4B-00C04F79EFBC}") = "Models", "..\Models\Models.csproj", "{86148FCE-4D79-4614-8DAB-9454B2634CAF}"
EndProject
Project("{FAE04EC0-301F-11D3-BF4B-00C04F79EFBC}") = "Connection", "..\Connection\Connection.csproj", "{B6D4EA38-9C09-4D3E-BC2C-2F2B246BABF7}"
EndProject
Global
	GlobalSection(SolutionConfigurationPlatforms) = preSolution
		Debug|Any CPU = Debug|Any CPU
		Debug|ARM = Debug|ARM
		Debug|ARM64 = Debug|ARM64
		Debug|x64 = Debug|x64
		Debug|x86 = Debug|x86
		Release|Any CPU = Release|Any CPU
		Release|ARM = Release|ARM
		Release|ARM64 = Release|ARM64
		Release|x64 = Release|x64
		Release|x86 = Release|x86
	EndGlobalSection
	GlobalSection(ProjectConfigurationPlatforms) = postSolution
		{246D9C8F-E51E-4B50-938A-1E62EC8C2A6D}.Debug|Any CPU.ActiveCfg = Debug|x86
		{246D9C8F-E51E-4B50-938A-1E62EC8C2A6D}.Debug|ARM.ActiveCfg = Debug|ARM
		{246D9C8F-E51E-4B50-938A-1E62EC8C2A6D}.Debug|ARM.Build.0 = Debug|ARM
		{246D9C8F-E51E-4B50-938A-1E62EC8C2A6D}.Debug|ARM.Deploy.0 = Debug|ARM
		{246D9C8F-E51E-4B50-938A-1E62EC8C2A6D}.Debug|ARM64.ActiveCfg = Debug|ARM64
		{246D9C8F-E51E-4B50-938A-1E62EC8C2A6D}.Debug|ARM64.Build.0 = Debug|ARM64
		{246D9C8F-E51E-4B50-938A-1E62EC8C2A6D}.Debug|ARM64.Deploy.0 = Debug|ARM64
		{246D9C8F-E51E-4B50-938A-1E62EC8C2A6D}.Debug|x64.ActiveCfg = Debug|x64
		{246D9C8F-E51E-4B50-938A-1E62EC8C2A6D}.Debug|x64.Build.0 = Debug|x64
		{246D9C8F-E51E-4B50-938A-1E62EC8C2A6D}.Debug|x64.Deploy.0 = Debug|x64
		{246D9C8F-E51E-4B50-938A-1E62EC8C2A6D}.Debug|x86.ActiveCfg = Debug|x86
		{246D9C8F-E51E-4B50-938A-1E62EC8C2A6D}.Debug|x86.Build.0 = Debug|x86
		{246D9C8F-E51E-4B50-938A-1E62EC8C2A6D}.Debug|x86.Deploy.0 = Debug|x86
		{246D9C8F-E51E-4B50-938A-1E62EC8C2A6D}.Release|Any CPU.ActiveCfg = Release|x86
		{246D9C8F-E51E-4B50-938A-1E62EC8C2A6D}.Release|ARM.ActiveCfg = Release|ARM
		{246D9C8F-E51E-4B50-938A-1E62EC8C2A6D}.Release|ARM.Build.0 = Release|ARM
		{246D9C8F-E51E-4B50-938A-1E62EC8C2A6D}.Release|ARM.Deploy.0 = Release|ARM
		{246D9C8F-E51E-4B50-938A-1E62EC8C2A6D}.Release|ARM64.ActiveCfg = Release|ARM64
		{246D9C8F-E51E-4B50-938A-1E62EC8C2A6D}.Release|ARM64.Build.0 = Release|ARM64
		{246D9C8F-E51E-4B50-938A-1E62EC8C2A6D}.Release|ARM64.Deploy.0 = Release|ARM64
		{246D9C8F-E51E-4B50-938A-1E62EC8C2A6D}.Release|x64.ActiveCfg = Release|x64
		{246D9C8F-E51E-4B50-938A-1E62EC8C2A6D}.Release|x64.Build.0 = Release|x64
		{246D9C8F-E51E-4B50-938A-1E62EC8C2A6D}.Release|x64.Deploy.0 = Release|x64
		{246D9C8F-E51E-4B50-938A-1E62EC8C2A6D}.Release|x86.ActiveCfg = Release|x86
		{246D9C8F-E51E-4B50-938A-1E62EC8C2A6D}.Release|x86.Build.0 = Release|x86
		{246D9C8F-E51E-4B50-938A-1E62EC8C2A6D}.Release|x86.Deploy.0 = Release|x86
		{86148FCE-4D79-4614-8DAB-9454B2634CAF}.Debug|Any CPU.ActiveCfg = Debug|Any CPU
		{86148FCE-4D79-4614-8DAB-9454B2634CAF}.Debug|Any CPU.Build.0 = Debug|Any CPU
		{86148FCE-4D79-4614-8DAB-9454B2634CAF}.Debug|ARM.ActiveCfg = Debug|ARM
		{86148FCE-4D79-4614-8DAB-9454B2634CAF}.Debug|ARM.Build.0 = Debug|ARM
		{86148FCE-4D79-4614-8DAB-9454B2634CAF}.Debug|ARM64.ActiveCfg = Debug|ARM64
		{86148FCE-4D79-4614-8DAB-9454B2634CAF}.Debug|ARM64.Build.0 = Debug|ARM64
		{86148FCE-4D79-4614-8DAB-9454B2634CAF}.Debug|x64.ActiveCfg = Debug|x64
		{86148FCE-4D79-4614-8DAB-9454B2634CAF}.Debug|x64.Build.0 = Debug|x64
		{86148FCE-4D79-4614-8DAB-9454B2634CAF}.Debug|x86.ActiveCfg = Debug|x86
		{86148FCE-4D79-4614-8DAB-9454B2634CAF}.Debug|x86.Build.0 = Debug|x86
		{86148FCE-4D79-4614-8DAB-9454B2634CAF}.Release|Any CPU.ActiveCfg = Release|Any CPU
		{86148FCE-4D79-4614-8DAB-9454B2634CAF}.Release|Any CPU.Build.0 = Release|Any CPU
		{86148FCE-4D79-4614-8DAB-9454B2634CAF}.Release|ARM.ActiveCfg = Release|ARM
		{86148FCE-4D79-4614-8DAB-9454B2634CAF}.Release|ARM.Build.0 = Release|ARM
		{86148FCE-4D79-4614-8DAB-9454B2634CAF}.Release|ARM64.ActiveCfg = Release|ARM64
		{86148FCE-4D79-4614-8DAB-9454B2634CAF}.Release|ARM64.Build.0 = Release|ARM64
		{86148FCE-4D79-4614-8DAB-9454B2634CAF}.Release|x64.ActiveCfg = Release|x64
		{86148FCE-4D79-4614-8DAB-9454B2634CAF}.Release|x64.Build.0 = Release|x64
		{86148FCE-4D79-4614-8DAB-9454B2634CAF}.Release|x86.ActiveCfg = Release|x86
		{86148FCE-4D79-4614-8DAB-9454B2634CAF}.Release|x86.Build.0 = Release|x86
		{B6D4EA38-9C09-4D3E-BC2C-2F2B246BABF7}.Debug|Any CPU.ActiveCfg = Debug|Any CPU
		{B6D4EA38-9C09-4D3E-BC2C-2F2B246BABF7}.Debug|Any CPU.Build.0 = Debug|Any CPU
		{B6D4EA38-9C09-4D3E-BC2C-2F2B246BABF7}.Debug|ARM.ActiveCfg = Debug|ARM
		{B6D4EA38-9C09-4D3E-BC2C-2F2B246BABF7}.Debug|ARM.Build.0 = Debug|ARM
		{B6D4EA38-9C09-4D3E-BC2C-2F2B246BABF7}.Debug|ARM64.ActiveCfg = Debug|ARM64
		{B6D4EA38-9C09-4D3E-BC2C-2F2B246BABF7}.Debug|ARM64.Build.0 = Debug|ARM64
		{B6D4EA38-9C09-4D3E-BC2C-2F2B246BABF7}.Debug|x64.ActiveCfg = Debug|x64
		{B6D4EA38-9C09-4D3E-BC2C-2F2B246BABF7}.Debug|x64.Build.0 = Debug|x64
		{B6D4EA38-9C09-4D3E-BC2C-2F2B246BABF7}.Debug|x86.ActiveCfg = Debug|x86
		{B6D4EA38-9C09-4D3E-BC2C-2F2B246BABF7}.Debug|x86.Build.0 = Debug|x86
		{B6D4EA38-9C09-4D3E-BC2C-2F2B246BABF7}.Release|Any CPU.ActiveCfg = Release|Any CPU
		{B6D4EA38-9C09-4D3E-BC2C-2F2B246BABF7}.Release|Any CPU.Build.0 = Release|Any CPU
		{B6D4EA38-9C09-4D3E-BC2C-2F2B246BABF7}.Release|ARM.ActiveCfg = Release|ARM
		{B6D4EA38-9C09-4D3E-BC2C-2F2B246BABF7}.Release|ARM.Build.0 = Release|ARM
		{B6D4EA38-9C09-4D3E-BC2C-2F2B246BABF7}.Release|ARM64.ActiveCfg = Release|ARM64
		{B6D4EA38-9C09-4D3E-BC2C-2F2B246BABF7}.Release|ARM64.Build.0 = Release|ARM64
		{B6D4EA38-9C09-4D3E-BC2C-2F2B246BABF7}.Release|x64.ActiveCfg = Release|x64
		{B6D4EA38-9C09-4D3E-BC2C-2F2B246BABF7}.Release|x64.Build.0 = Release|x64
		{B6D4EA38-9C09-4D3E-BC2C-2F2B246BABF7}.Release|x86.ActiveCfg = Release|x86
		{B6D4EA38-9C09-4D3E-BC2C-2F2B246BABF7}.Release|x86.Build.0 = Release|x86
	EndGlobalSection
	GlobalSection(SolutionProperties) = preSolution
		HideSolutionNode = FALSE
	EndGlobalSection
	GlobalSection(ExtensibilityGlobals) = postSolution
		SolutionGuid = {133FF25C-51A4-4BC2-9416-E29F679D3BFB}
	EndGlobalSection
EndGlobal
